
Microsoft Visual Studio Solution File, Format Version 12.00
# Visual Studio 14
VisualStudioVersion = 14.0.25420.1
MinimumVisualStudioVersion = 10.0.40219.1
Project("{8BC9CEB8-8B4A-11D0-8D11-00A0C91BC942}") = "1001.害死人不偿命的(3n+1)猜想 (15)", "1001.害死人不偿命的(3n+1)猜想 (15)\1001.害死人不偿命的(3n+1)猜想 (15).vcxproj", "{65CDCF56-96C4-43E6-86D5-8DF2E1092AF1}"
EndProject
Project("{8BC9CEB8-8B4A-11D0-8D11-00A0C91BC942}") = "1002.写出这个数 (20)", "1002. 写出这个数 (20)\1002. 写出这个数 (20).vcxproj", "{DCCF5F4A-8802-417F-9B85-D1BB956653FA}"
EndProject
Project("{8BC9CEB8-8B4A-11D0-8D11-00A0C91BC942}") = "1004 成绩排名（20 分）", "1004 成绩排名（20 分）\1004 成绩排名（20 分）.vcxproj", "{687614E1-9C87-4490-A7D6-24F8FA4B2DC1}"
EndProject
Global
	GlobalSection(SolutionConfigurationPlatforms) = preSolution
		Debug|x64 = Debug|x64
		Debug|x86 = Debug|x86
		Release|x64 = Release|x64
		Release|x86 = Release|x86
	EndGlobalSection
	GlobalSection(ProjectConfigurationPlatforms) = postSolution
		{65CDCF56-96C4-43E6-86D5-8DF2E1092AF1}.Debug|x64.ActiveCfg = Debug|x64
		{65CDCF56-96C4-43E6-86D5-8DF2E1092AF1}.Debug|x64.Build.0 = Debug|x64
		{65CDCF56-96C4-43E6-86D5-8DF2E1092AF1}.Debug|x86.ActiveCfg = Debug|Win32
		{65CDCF56-96C4-43E6-86D5-8DF2E1092AF1}.Debug|x86.Build.0 = Debug|Win32
		{65CDCF56-96C4-43E6-86D5-8DF2E1092AF1}.Release|x64.ActiveCfg = Release|x64
		{65CDCF56-96C4-43E6-86D5-8DF2E1092AF1}.Release|x64.Build.0 = Release|x64
		{65CDCF56-96C4-43E6-86D5-8DF2E1092AF1}.Release|x86.ActiveCfg = Release|Win32
		{65CDCF56-96C4-43E6-86D5-8DF2E1092AF1}.Release|x86.Build.0 = Release|Win32
		{DCCF5F4A-8802-417F-9B85-D1BB956653FA}.Debug|x64.ActiveCfg = Debug|x64
		{DCCF5F4A-8802-417F-9B85-D1BB956653FA}.Debug|x64.Build.0 = Debug|x64
		{DCCF5F4A-8802-417F-9B85-D1BB956653FA}.Debug|x86.ActiveCfg = Debug|Win32
		{DCCF5F4A-8802-417F-9B85-D1BB956653FA}.Debug|x86.Build.0 = Debug|Win32
		{DCCF5F4A-8802-417F-9B85-D1BB956653FA}.Release|x64.ActiveCfg = Release|x64
		{DCCF5F4A-8802-417F-9B85-D1BB956653FA}.Release|x64.Build.0 = Release|x64
		{DCCF5F4A-8802-417F-9B85-D1BB956653FA}.Release|x86.ActiveCfg = Release|Win32
		{DCCF5F4A-8802-417F-9B85-D1BB956653FA}.Release|x86.Build.0 = Release|Win32
		{687614E1-9C87-4490-A7D6-24F8FA4B2DC1}.Debug|x64.ActiveCfg = Debug|x64
		{687614E1-9C87-4490-A7D6-24F8FA4B2DC1}.Debug|x64.Build.0 = Debug|x64
		{687614E1-9C87-4490-A7D6-24F8FA4B2DC1}.Debug|x86.ActiveCfg = Debug|Win32
		{687614E1-9C87-4490-A7D6-24F8FA4B2DC1}.Debug|x86.Build.0 = Debug|Win32
		{687614E1-9C87-4490-A7D6-24F8FA4B2DC1}.Release|x64.ActiveCfg = Release|x64
		{687614E1-9C87-4490-A7D6-24F8FA4B2DC1}.Release|x64.Build.0 = Release|x64
		{687614E1-9C87-4490-A7D6-24F8FA4B2DC1}.Release|x86.ActiveCfg = Release|Win32
		{687614E1-9C87-4490-A7D6-24F8FA4B2DC1}.Release|x86.Build.0 = Release|Win32
	EndGlobalSection
	GlobalSection(SolutionProperties) = preSolution
		HideSolutionNode = FALSE
	EndGlobalSection
EndGlobal
